version = 1
revision = 2
requires-python = ">=3.13"

[[package]]
name = "pyfix"
version = "0.1.0"
source = { virtual = "." }
dependencies = [
    { name = "quickfix" },
]

[package.metadata]
requires-dist = [{ name = "quickfix", specifier = ">=1.15.1" }]

[[package]]
name = "quickfix"
version = "1.15.1"
source = { registry = "https://mirrors.tuna.tsinghua.edu.cn/pypi/web/simple" }
sdist = { url = "https://mirrors.tuna.tsinghua.edu.cn/pypi/web/packages/62/b0/caf2dfae8779551f6e1d2bc78668d8f5a2303d21311fdd54345722b68cbc/quickfix-1.15.1.tar.gz", hash = "sha256:e3564ad2dd155892dc74496d6f4db1794bd8f9f74450ccbb45571ffaa2815da2", size = 1479337, upload-time = "2018-04-16T04:16:25.78Z" }
